// !$*UTF8*$!
{
	archiveVersion = 1;
	classes = {
	};
	objectVersion = 50;
	objects = {

/* Begin PBXBuildFile section */
		C021B1CC2326441000F3B661 /* Service.swift in Sources */ = {isa = PBXBuildFile; fileRef = C021B1CB2326441000F3B661 /* Service.swift */; };
		C0520237231E9ACA0045F4CF /* HomeRouter.swift in Sources */ = {isa = PBXBuildFile; fileRef = C052022C231E9AC90045F4CF /* HomeRouter.swift */; };
		C0520238231E9ACA0045F4CF /* NewsModel.swift in Sources */ = {isa = PBXBuildFile; fileRef = C052022E231E9AC90045F4CF /* NewsModel.swift */; };
		C0520239231E9ACA0045F4CF /* HomePresenter.swift in Sources */ = {isa = PBXBuildFile; fileRef = C0520230231E9AC90045F4CF /* HomePresenter.swift */; };
		C052023A231E9ACA0045F4CF /* HomeViewController.swift in Sources */ = {isa = PBXBuildFile; fileRef = C0520232231E9AC90045F4CF /* HomeViewController.swift */; };
		C052023B231E9ACA0045F4CF /* HomeInteractor.swift in Sources */ = {isa = PBXBuildFile; fileRef = C0520234231E9AC90045F4CF /* HomeInteractor.swift */; };
		C052023C231E9ACA0045F4CF /* HomeProtocols.swift in Sources */ = {isa = PBXBuildFile; fileRef = C0520236231E9AC90045F4CF /* HomeProtocols.swift */; };
		C052023E231E9AE00045F4CF /* Constants.swift in Sources */ = {isa = PBXBuildFile; fileRef = C052023D231E9AE00045F4CF /* Constants.swift */; };
		C0A8D4B0231D432F00A9CA32 /* AppDelegate.swift in Sources */ = {isa = PBXBuildFile; fileRef = C0A8D4AF231D432F00A9CA32 /* AppDelegate.swift */; };
		C0A8D4B5231D432F00A9CA32 /* Main.storyboard in Resources */ = {isa = PBXBuildFile; fileRef = C0A8D4B3231D432F00A9CA32 /* Main.storyboard */; };
		C0A8D4B7231D433000A9CA32 /* Assets.xcassets in Resources */ = {isa = PBXBuildFile; fileRef = C0A8D4B6231D433000A9CA32 /* Assets.xcassets */; };
		C0A8D4BA231D433000A9CA32 /* LaunchScreen.storyboard in Resources */ = {isa = PBXBuildFile; fileRef = C0A8D4B8231D433000A9CA32 /* LaunchScreen.storyboard */; };
		C0B41210231F9BDF003793F4 /* HomeTableViewCell.swift in Sources */ = {isa = PBXBuildFile; fileRef = C0B4120F231F9BDF003793F4 /* HomeTableViewCell.swift */; };
		C0B41212231FA940003793F4 /* UIImageView.swift in Sources */ = {isa = PBXBuildFile; fileRef = C0B41211231FA940003793F4 /* UIImageView.swift */; };
		C0B41218231FB65A003793F4 /* Hud.swift in Sources */ = {isa = PBXBuildFile; fileRef = C0B41217231FB65A003793F4 /* Hud.swift */; };
		C0B41223231FD686003793F4 /* DetailViewController.swift in Sources */ = {isa = PBXBuildFile; fileRef = C0B41222231FD686003793F4 /* DetailViewController.swift */; };
		C0B41225231FD6A3003793F4 /* DetailProtocol.swift in Sources */ = {isa = PBXBuildFile; fileRef = C0B41224231FD6A3003793F4 /* DetailProtocol.swift */; };
		C0B41227231FD6DC003793F4 /* DetailPresenter.swift in Sources */ = {isa = PBXBuildFile; fileRef = C0B41226231FD6DC003793F4 /* DetailPresenter.swift */; };
		C0B41229231FE7D0003793F4 /* DetailRouter.swift in Sources */ = {isa = PBXBuildFile; fileRef = C0B41228231FE7D0003793F4 /* DetailRouter.swift */; };
		C0B4122B231FE7E4003793F4 /* DetailInteractor.swift in Sources */ = {isa = PBXBuildFile; fileRef = C0B4122A231FE7E4003793F4 /* DetailInteractor.swift */; };
/* End PBXBuildFile section */

/* Begin PBXFileReference section */
		C021B1CB2326441000F3B661 /* Service.swift */ = {isa = PBXFileReference; lastKnownFileType = sourcecode.swift; path = Service.swift; sourceTree = "<group>"; };
		C052022C231E9AC90045F4CF /* HomeRouter.swift */ = {isa = PBXFileReference; fileEncoding = 4; lastKnownFileType = sourcecode.swift; path = HomeRouter.swift; sourceTree = "<group>"; };
		C052022E231E9AC90045F4CF /* NewsModel.swift */ = {isa = PBXFileReference; fileEncoding = 4; lastKnownFileType = sourcecode.swift; path = NewsModel.swift; sourceTree = "<group>"; };
		C0520230231E9AC90045F4CF /* HomePresenter.swift */ = {isa = PBXFileReference; fileEncoding = 4; lastKnownFileType = sourcecode.swift; path = HomePresenter.swift; sourceTree = "<group>"; };
		C0520232231E9AC90045F4CF /* HomeViewController.swift */ = {isa = PBXFileReference; fileEncoding = 4; lastKnownFileType = sourcecode.swift; path = HomeViewController.swift; sourceTree = "<group>"; };
		C0520234231E9AC90045F4CF /* HomeInteractor.swift */ = {isa = PBXFileReference; fileEncoding = 4; lastKnownFileType = sourcecode.swift; path = HomeInteractor.swift; sourceTree = "<group>"; };
		C0520236231E9AC90045F4CF /* HomeProtocols.swift */ = {isa = PBXFileReference; fileEncoding = 4; lastKnownFileType = sourcecode.swift; path = HomeProtocols.swift; sourceTree = "<group>"; };
		C052023D231E9AE00045F4CF /* Constants.swift */ = {isa = PBXFileReference; fileEncoding = 4; lastKnownFileType = sourcecode.swift; path = Constants.swift; sourceTree = "<group>"; };
		C0A8D4AC231D432F00A9CA32 /* ViperArchitectureiOS.app */ = {isa = PBXFileReference; explicitFileType = wrapper.application; includeInIndex = 0; path = ViperArchitectureiOS.app; sourceTree = BUILT_PRODUCTS_DIR; };
		C0A8D4AF231D432F00A9CA32 /* AppDelegate.swift */ = {isa = PBXFileReference; lastKnownFileType = sourcecode.swift; path = AppDelegate.swift; sourceTree = "<group>"; };
		C0A8D4B4231D432F00A9CA32 /* Base */ = {isa = PBXFileReference; lastKnownFileType = file.storyboard; name = Base; path = Base.lproj/Main.storyboard; sourceTree = "<group>"; };
		C0A8D4B6231D433000A9CA32 /* Assets.xcassets */ = {isa = PBXFileReference; lastKnownFileType = folder.assetcatalog; path = Assets.xcassets; sourceTree = "<group>"; };
		C0A8D4B9231D433000A9CA32 /* Base */ = {isa = PBXFileReference; lastKnownFileType = file.storyboard; name = Base; path = Base.lproj/LaunchScreen.storyboard; sourceTree = "<group>"; };
		C0A8D4BB231D433000A9CA32 /* Info.plist */ = {isa = PBXFileReference; lastKnownFileType = text.plist.xml; path = Info.plist; sourceTree = "<group>"; };
		C0B4120F231F9BDF003793F4 /* HomeTableViewCell.swift */ = {isa = PBXFileReference; lastKnownFileType = sourcecode.swift; path = HomeTableViewCell.swift; sourceTree = "<group>"; };
		C0B41211231FA940003793F4 /* UIImageView.swift */ = {isa = PBXFileReference; lastKnownFileType = sourcecode.swift; path = UIImageView.swift; sourceTree = "<group>"; };
		C0B41217231FB65A003793F4 /* Hud.swift */ = {isa = PBXFileReference; lastKnownFileType = sourcecode.swift; path = Hud.swift; sourceTree = "<group>"; };
		C0B41222231FD686003793F4 /* DetailViewController.swift */ = {isa = PBXFileReference; lastKnownFileType = sourcecode.swift; path = DetailViewController.swift; sourceTree = "<group>"; };
		C0B41224231FD6A3003793F4 /* DetailProtocol.swift */ = {isa = PBXFileReference; lastKnownFileType = sourcecode.swift; path = DetailProtocol.swift; sourceTree = "<group>"; };
		C0B41226231FD6DC003793F4 /* DetailPresenter.swift */ = {isa = PBXFileReference; lastKnownFileType = sourcecode.swift; path = DetailPresenter.swift; sourceTree = "<group>"; };
		C0B41228231FE7D0003793F4 /* DetailRouter.swift */ = {isa = PBXFileReference; lastKnownFileType = sourcecode.swift; path = DetailRouter.swift; sourceTree = "<group>"; };
		C0B4122A231FE7E4003793F4 /* DetailInteractor.swift */ = {isa = PBXFileReference; lastKnownFileType = sourcecode.swift; path = DetailInteractor.swift; sourceTree = "<group>"; };
/* End PBXFileReference section */

/* Begin PBXFrameworksBuildPhase section */
		C0A8D4A9231D432F00A9CA32 /* Frameworks */ = {
			isa = PBXFrameworksBuildPhase;
			buildActionMask = 2147483647;
			files = (
			);
			runOnlyForDeploymentPostprocessing = 0;
		};
/* End PBXFrameworksBuildPhase section */

/* Begin PBXGroup section */
		C021B1CA2326440500F3B661 /* Service */ = {
			isa = PBXGroup;
			children = (
				C021B1CB2326441000F3B661 /* Service.swift */,
			);
			path = Service;
			sourceTree = "<group>";
		};
		C0520229231E9AC90045F4CF /* Modules */ = {
			isa = PBXGroup;
			children = (
				C052022A231E9AC90045F4CF /* Home */,
				C0B4121B231FD355003793F4 /* Detail */,
			);
			path = Modules;
			sourceTree = "<group>";
		};
		C052022A231E9AC90045F4CF /* Home */ = {
			isa = PBXGroup;
			children = (
				C0520231231E9AC90045F4CF /* view */,
				C0520233231E9AC90045F4CF /* interector */,
				C052022F231E9AC90045F4CF /* presenter */,
				C052022D231E9AC90045F4CF /* entity */,
				C052022B231E9AC90045F4CF /* router */,
				C0520235231E9AC90045F4CF /* protocols */,
			);
			path = Home;
			sourceTree = "<group>";
		};
		C052022B231E9AC90045F4CF /* router */ = {
			isa = PBXGroup;
			children = (
				C052022C231E9AC90045F4CF /* HomeRouter.swift */,
			);
			path = router;
			sourceTree = "<group>";
		};
		C052022D231E9AC90045F4CF /* entity */ = {
			isa = PBXGroup;
			children = (
				C052022E231E9AC90045F4CF /* NewsModel.swift */,
			);
			path = entity;
			sourceTree = "<group>";
		};
		C052022F231E9AC90045F4CF /* presenter */ = {
			isa = PBXGroup;
			children = (
				C0520230231E9AC90045F4CF /* HomePresenter.swift */,
			);
			path = presenter;
			sourceTree = "<group>";
		};
		C0520231231E9AC90045F4CF /* view */ = {
			isa = PBXGroup;
			children = (
				C0520232231E9AC90045F4CF /* HomeViewController.swift */,
				C0B4120F231F9BDF003793F4 /* HomeTableViewCell.swift */,
			);
			path = view;
			sourceTree = "<group>";
		};
		C0520233231E9AC90045F4CF /* interector */ = {
			isa = PBXGroup;
			children = (
				C0520234231E9AC90045F4CF /* HomeInteractor.swift */,
			);
			path = interector;
			sourceTree = "<group>";
		};
		C0520235231E9AC90045F4CF /* protocols */ = {
			isa = PBXGroup;
			children = (
				C0520236231E9AC90045F4CF /* HomeProtocols.swift */,
			);
			path = protocols;
			sourceTree = "<group>";
		};
		C0A8D4A3231D432E00A9CA32 = {
			isa = PBXGroup;
			children = (
				C0A8D4AE231D432F00A9CA32 /* ViperArchitectureiOS */,
				C0A8D4AD231D432F00A9CA32 /* Products */,
			);
			sourceTree = "<group>";
		};
		C0A8D4AD231D432F00A9CA32 /* Products */ = {
			isa = PBXGroup;
			children = (
				C0A8D4AC231D432F00A9CA32 /* ViperArchitectureiOS.app */,
			);
			name = Products;
			sourceTree = "<group>";
		};
		C0A8D4AE231D432F00A9CA32 /* ViperArchitectureiOS */ = {
			isa = PBXGroup;
			children = (
				C0B41216231FB589003793F4 /* App */,
				C021B1CA2326440500F3B661 /* Service */,
				C0B41215231FB576003793F4 /* Extension */,
				C0520229231E9AC90045F4CF /* Modules */,
			);
			path = ViperArchitectureiOS;
			sourceTree = "<group>";
		};
		C0B41215231FB576003793F4 /* Extension */ = {
			isa = PBXGroup;
			children = (
				C0B41217231FB65A003793F4 /* Hud.swift */,
				C0B41211231FA940003793F4 /* UIImageView.swift */,
			);
			path = Extension;
			sourceTree = "<group>";
		};
		C0B41216231FB589003793F4 /* App */ = {
			isa = PBXGroup;
			children = (
				C0A8D4AF231D432F00A9CA32 /* AppDelegate.swift */,
				C0A8D4B3231D432F00A9CA32 /* Main.storyboard */,
				C052023D231E9AE00045F4CF /* Constants.swift */,
				C0A8D4B6231D433000A9CA32 /* Assets.xcassets */,
				C0A8D4B8231D433000A9CA32 /* LaunchScreen.storyboard */,
				C0A8D4BB231D433000A9CA32 /* Info.plist */,
			);
			path = App;
			sourceTree = "<group>";
		};
		C0B4121B231FD355003793F4 /* Detail */ = {
			isa = PBXGroup;
			children = (
				C0B4121F231FD355003793F4 /* view */,
				C0B41220231FD355003793F4 /* interector */,
				C0B4121E231FD355003793F4 /* presenter */,
				C0B4121D231FD355003793F4 /* entity */,
				C0B4121C231FD355003793F4 /* router */,
				C0B41221231FD355003793F4 /* protocols */,
			);
			path = Detail;
			sourceTree = "<group>";
		};
		C0B4121C231FD355003793F4 /* router */ = {
			isa = PBXGroup;
			children = (
				C0B41228231FE7D0003793F4 /* DetailRouter.swift */,
			);
			path = router;
			sourceTree = "<group>";
		};
		C0B4121D231FD355003793F4 /* entity */ = {
			isa = PBXGroup;
			children = (
			);
			path = entity;
			sourceTree = "<group>";
		};
		C0B4121E231FD355003793F4 /* presenter */ = {
			isa = PBXGroup;
			children = (
				C0B41226231FD6DC003793F4 /* DetailPresenter.swift */,
			);
			path = presenter;
			sourceTree = "<group>";
		};
		C0B4121F231FD355003793F4 /* view */ = {
			isa = PBXGroup;
			children = (
				C0B41222231FD686003793F4 /* DetailViewController.swift */,
			);
			path = view;
			sourceTree = "<group>";
		};
		C0B41220231FD355003793F4 /* interector */ = {
			isa = PBXGroup;
			children = (
				C0B4122A231FE7E4003793F4 /* DetailInteractor.swift */,
			);
			path = interector;
			sourceTree = "<group>";
		};
		C0B41221231FD355003793F4 /* protocols */ = {
			isa = PBXGroup;
			children = (
				C0B41224231FD6A3003793F4 /* DetailProtocol.swift */,
			);
			path = protocols;
			sourceTree = "<group>";
		};
/* End PBXGroup section */

/* Begin PBXNativeTarget section */
		C0A8D4AB231D432F00A9CA32 /* ViperArchitectureiOS */ = {
			isa = PBXNativeTarget;
			buildConfigurationList = C0A8D4BE231D433000A9CA32 /* Build configuration list for PBXNativeTarget "ViperArchitectureiOS" */;
			buildPhases = (
				C0A8D4A8231D432F00A9CA32 /* Sources */,
				C0A8D4A9231D432F00A9CA32 /* Frameworks */,
				C0A8D4AA231D432F00A9CA32 /* Resources */,
			);
			buildRules = (
			);
			dependencies = (
			);
			name = ViperArchitectureiOS;
			productName = ViperArchitectureiOS;
			productReference = C0A8D4AC231D432F00A9CA32 /* ViperArchitectureiOS.app */;
			productType = "com.apple.product-type.application";
		};
/* End PBXNativeTarget section */

/* Begin PBXProject section */
		C0A8D4A4231D432E00A9CA32 /* Project object */ = {
			isa = PBXProject;
			attributes = {
				LastSwiftUpdateCheck = 1010;
				LastUpgradeCheck = 1010;
				ORGANIZATIONNAME = Atif;
				TargetAttributes = {
					C0A8D4AB231D432F00A9CA32 = {
						CreatedOnToolsVersion = 10.1;
					};
				};
			};
			buildConfigurationList = C0A8D4A7231D432E00A9CA32 /* Build configuration list for PBXProject "ViperArchitectureiOS" */;
			compatibilityVersion = "Xcode 9.3";
			developmentRegion = en;
			hasScannedForEncodings = 0;
			knownRegions = (
				en,
				Base,
			);
			mainGroup = C0A8D4A3231D432E00A9CA32;
			productRefGroup = C0A8D4AD231D432F00A9CA32 /* Products */;
			projectDirPath = "";
			projectRoot = "";
			targets = (
				C0A8D4AB231D432F00A9CA32 /* ViperArchitectureiOS */,
			);
		};
/* End PBXProject section */

/* Begin PBXResourcesBuildPhase section */
		C0A8D4AA231D432F00A9CA32 /* Resources */ = {
			isa = PBXResourcesBuildPhase;
			buildActionMask = 2147483647;
			files = (
				C0A8D4BA231D433000A9CA32 /* LaunchScreen.storyboard in Resources */,
				C0A8D4B7231D433000A9CA32 /* Assets.xcassets in Resources */,
				C0A8D4B5231D432F00A9CA32 /* Main.storyboard in Resources */,
			);
			runOnlyForDeploymentPostprocessing = 0;
		};
/* End PBXResourcesBuildPhase section */

/* Begin PBXSourcesBuildPhase section */
		C0A8D4A8231D432F00A9CA32 /* Sources */ = {
			isa = PBXSourcesBuildPhase;
			buildActionMask = 2147483647;
			files = (
				C0B41229231FE7D0003793F4 /* DetailRouter.swift in Sources */,
				C0B41218231FB65A003793F4 /* Hud.swift in Sources */,
				C0520238231E9ACA0045F4CF /* NewsModel.swift in Sources */,
				C0520237231E9ACA0045F4CF /* HomeRouter.swift in Sources */,
				C0B41223231FD686003793F4 /* DetailViewController.swift in Sources */,
				C0B41225231FD6A3003793F4 /* DetailProtocol.swift in Sources */,
				C0B41227231FD6DC003793F4 /* DetailPresenter.swift in Sources */,
				C0520239231E9ACA0045F4CF /* HomePresenter.swift in Sources */,
				C052023C231E9ACA0045F4CF /* HomeProtocols.swift in Sources */,
				C0A8D4B0231D432F00A9CA32 /* AppDelegate.swift in Sources */,
				C052023A231E9ACA0045F4CF /* HomeViewController.swift in Sources */,
				C021B1CC2326441000F3B661 /* Service.swift in Sources */,
				C0B41212231FA940003793F4 /* UIImageView.swift in Sources */,
				C0B41210231F9BDF003793F4 /* HomeTableViewCell.swift in Sources */,
				C052023B231E9ACA0045F4CF /* HomeInteractor.swift in Sources */,
				C052023E231E9AE00045F4CF /* Constants.swift in Sources */,
				C0B4122B231FE7E4003793F4 /* DetailInteractor.swift in Sources */,
			);
			runOnlyForDeploymentPostprocessing = 0;
		};
/* End PBXSourcesBuildPhase section */

/* Begin PBXVariantGroup section */
		C0A8D4B3231D432F00A9CA32 /* Main.storyboard */ = {
			isa = PBXVariantGroup;
			children = (
				C0A8D4B4231D432F00A9CA32 /* Base */,
			);
			name = Main.storyboard;
			sourceTree = "<group>";
		};
		C0A8D4B8231D433000A9CA32 /* LaunchScreen.storyboard */ = {
			isa = PBXVariantGroup;
			children = (
				C0A8D4B9231D433000A9CA32 /* Base */,
			);
			name = LaunchScreen.storyboard;
			sourceTree = "<group>";
		};
/* End PBXVariantGroup section */

/* Begin XCBuildConfiguration section */
		C0A8D4BC231D433000A9CA32 /* Debug */ = {
			isa = XCBuildConfiguration;
			buildSettings = {
				ALWAYS_SEARCH_USER_PATHS = NO;
				CLANG_ANALYZER_NONNULL = YES;
				CLANG_ANALYZER_NUMBER_OBJECT_CONVERSION = YES_AGGRESSIVE;
				CLANG_CXX_LANGUAGE_STANDARD = "gnu++14";
				CLANG_CXX_LIBRARY = "libc++";
				CLANG_ENABLE_MODULES = YES;
				CLANG_ENABLE_OBJC_ARC = YES;
				CLANG_ENABLE_OBJC_WEAK = YES;
				CLANG_WARN_BLOCK_CAPTURE_AUTORELEASING = YES;
				CLANG_WARN_BOOL_CONVERSION = YES;
				CLANG_WARN_COMMA = YES;
				CLANG_WARN_CONSTANT_CONVERSION = YES;
				CLANG_WARN_DEPRECATED_OBJC_IMPLEMENTATIONS = YES;
				CLANG_WARN_DIRECT_OBJC_ISA_USAGE = YES_ERROR;
				CLANG_WARN_DOCUMENTATION_COMMENTS = YES;
				CLANG_WARN_EMPTY_BODY = YES;
				CLANG_WARN_ENUM_CONVERSION = YES;
				CLANG_WARN_INFINITE_RECURSION = YES;
				CLANG_WARN_INT_CONVERSION = YES;
				CLANG_WARN_NON_LITERAL_NULL_CONVERSION = YES;
				CLANG_WARN_OBJC_IMPLICIT_RETAIN_SELF = YES;
				CLANG_WARN_OBJC_LITERAL_CONVERSION = YES;
				CLANG_WARN_OBJC_ROOT_CLASS = YES_ERROR;
				CLANG_WARN_RANGE_LOOP_ANALYSIS = YES;
				CLANG_WARN_STRICT_PROTOTYPES = YES;
				CLANG_WARN_SUSPICIOUS_MOVE = YES;
				CLANG_WARN_UNGUARDED_AVAILABILITY = YES_AGGRESSIVE;
				CLANG_WARN_UNREACHABLE_CODE = YES;
				CLANG_WARN__DUPLICATE_METHOD_MATCH = YES;
				CODE_SIGN_IDENTITY = "iPhone Developer";
				COPY_PHASE_STRIP = NO;
				DEBUG_INFORMATION_FORMAT = dwarf;
				ENABLE_STRICT_OBJC_MSGSEND = YES;
				ENABLE_TESTABILITY = YES;
				GCC_C_LANGUAGE_STANDARD = gnu11;
				GCC_DYNAMIC_NO_PIC = NO;
				GCC_NO_COMMON_BLOCKS = YES;
				GCC_OPTIMIZATION_LEVEL = 0;
				GCC_PREPROCESSOR_DEFINITIONS = (
					"DEBUG=1",
					"$(inherited)",
				);
				GCC_WARN_64_TO_32_BIT_CONVERSION = YES;
				GCC_WARN_ABOUT_RETURN_TYPE = YES_ERROR;
				GCC_WARN_UNDECLARED_SELECTOR = YES;
				GCC_WARN_UNINITIALIZED_AUTOS = YES_AGGRESSIVE;
				GCC_WARN_UNUSED_FUNCTION = YES;
				GCC_WARN_UNUSED_VARIABLE = YES;
				IPHONEOS_DEPLOYMENT_TARGET = 12.1;
				MTL_ENABLE_DEBUG_INFO = INCLUDE_SOURCE;
				MTL_FAST_MATH = YES;
				ONLY_ACTIVE_ARCH = YES;
				SDKROOT = iphoneos;
				SWIFT_ACTIVE_COMPILATION_CONDITIONS = DEBUG;
				SWIFT_OPTIMIZATION_LEVEL = "-Onone";
			};
			name = Debug;
		};
		C0A8D4BD231D433000A9CA32 /* Release */ = {
			isa = XCBuildConfiguration;
			buildSettings = {
				ALWAYS_SEARCH_USER_PATHS = NO;
				CLANG_ANALYZER_NONNULL = YES;
				CLANG_ANALYZER_NUMBER_OBJECT_CONVERSION = YES_AGGRESSIVE;
				CLANG_CXX_LANGUAGE_STANDARD = "gnu++14";
				CLANG_CXX_LIBRARY = "libc++";
				CLANG_ENABLE_MODULES = YES;
				CLANG_ENABLE_OBJC_ARC = YES;
				CLANG_ENABLE_OBJC_WEAK = YES;
				CLANG_WARN_BLOCK_CAPTURE_AUTORELEASING = YES;
				CLANG_WARN_BOOL_CONVERSION = YES;
				CLANG_WARN_COMMA = YES;
				CLANG_WARN_CONSTANT_CONVERSION = YES;
				CLANG_WARN_DEPRECATED_OBJC_IMPLEMENTATIONS = YES;
				CLANG_WARN_DIRECT_OBJC_ISA_USAGE = YES_ERROR;
				CLANG_WARN_DOCUMENTATION_COMMENTS = YES;
				CLANG_WARN_EMPTY_BODY = YES;
				CLANG_WARN_ENUM_CONVERSION = YES;
				CLANG_WARN_INFINITE_RECURSION = YES;
				CLANG_WARN_INT_CONVERSION = YES;
				CLANG_WARN_NON_LITERAL_NULL_CONVERSION = YES;
				CLANG_WARN_OBJC_IMPLICIT_RETAIN_SELF = YES;
				CLANG_WARN_OBJC_LITERAL_CONVERSION = YES;
				CLANG_WARN_OBJC_ROOT_CLASS = YES_ERROR;
				CLANG_WARN_RANGE_LOOP_ANALYSIS = YES;
				CLANG_WARN_STRICT_PROTOTYPES = YES;
				CLANG_WARN_SUSPICIOUS_MOVE = YES;
				CLANG_WARN_UNGUARDED_AVAILABILITY = YES_AGGRESSIVE;
				CLANG_WARN_UNREACHABLE_CODE = YES;
				CLANG_WARN__DUPLICATE_METHOD_MATCH = YES;
				CODE_SIGN_IDENTITY = "iPhone Developer";
				COPY_PHASE_STRIP = NO;
				DEBUG_INFORMATION_FORMAT = "dwarf-with-dsym";
				ENABLE_NS_ASSERTIONS = NO;
				ENABLE_STRICT_OBJC_MSGSEND = YES;
				GCC_C_LANGUAGE_STANDARD = gnu11;
				GCC_NO_COMMON_BLOCKS = YES;
				GCC_WARN_64_TO_32_BIT_CONVERSION = YES;
				GCC_WARN_ABOUT_RETURN_TYPE = YES_ERROR;
				GCC_WARN_UNDECLARED_SELECTOR = YES;
				GCC_WARN_UNINITIALIZED_AUTOS = YES_AGGRESSIVE;
				GCC_WARN_UNUSED_FUNCTION = YES;
				GCC_WARN_UNUSED_VARIABLE = YES;
				IPHONEOS_DEPLOYMENT_TARGET = 12.1;
				MTL_ENABLE_DEBUG_INFO = NO;
				MTL_FAST_MATH = YES;
				SDKROOT = iphoneos;
				SWIFT_COMPILATION_MODE = wholemodule;
				SWIFT_OPTIMIZATION_LEVEL = "-O";
				VALIDATE_PRODUCT = YES;
			};
			name = Release;
		};
		C0A8D4BF231D433000A9CA32 /* Debug */ = {
			isa = XCBuildConfiguration;
			buildSettings = {
				ASSETCATALOG_COMPILER_APPICON_NAME = AppIcon;
				CODE_SIGN_STYLE = Automatic;
				DEVELOPMENT_TEAM = HC374WERJC;
				INFOPLIST_FILE = ViperArchitectureiOS/App/Info.plist;
				LD_RUNPATH_SEARCH_PATHS = (
					"$(inherited)",
					"@executable_path/Frameworks",
				);
				PRODUCT_BUNDLE_IDENTIFIER = "com.atif.gcucs-gmail.com.ViperArchitectureiOS";
				PRODUCT_NAME = "$(TARGET_NAME)";
				SWIFT_VERSION = 4.2;
				TARGETED_DEVICE_FAMILY = "1,2";
			};
			name = Debug;
		};
		C0A8D4C0231D433000A9CA32 /* Release */ = {
			isa = XCBuildConfiguration;
			buildSettings = {
				ASSETCATALOG_COMPILER_APPICON_NAME = AppIcon;
				CODE_SIGN_STYLE = Automatic;
				DEVELOPMENT_TEAM = HC374WERJC;
				INFOPLIST_FILE = ViperArchitectureiOS/App/Info.plist;
				LD_RUNPATH_SEARCH_PATHS = (
					"$(inherited)",
					"@executable_path/Frameworks",
				);
				PRODUCT_BUNDLE_IDENTIFIER = "com.atif.gcucs-gmail.com.ViperArchitectureiOS";
				PRODUCT_NAME = "$(TARGET_NAME)";
				SWIFT_VERSION = 4.2;
				TARGETED_DEVICE_FAMILY = "1,2";
			};
			name = Release;
		};
/* End XCBuildConfiguration section */

/* Begin XCConfigurationList section */
		C0A8D4A7231D432E00A9CA32 /* Build configuration list for PBXProject "ViperArchitectureiOS" */ = {
			isa = XCConfigurationList;
			buildConfigurations = (
				C0A8D4BC231D433000A9CA32 /* Debug */,
				C0A8D4BD231D433000A9CA32 /* Release */,
			);
			defaultConfigurationIsVisible = 0;
			defaultConfigurationName = Release;
		};
		C0A8D4BE231D433000A9CA32 /* Build configuration list for PBXNativeTarget "ViperArchitectureiOS" */ = {
			isa = XCConfigurationList;
			buildConfigurations = (
				C0A8D4BF231D433000A9CA32 /* Debug */,
				C0A8D4C0231D433000A9CA32 /* Release */,
			);
			defaultConfigurationIsVisible = 0;
			defaultConfigurationName = Release;
		};
/* End XCConfigurationList section */
	};
	rootObject = C0A8D4A4231D432E00A9CA32 /* Project object */;
}
